
Microsoft Visual Studio Solution File, Format Version 12.00
# Visual Studio Version 16
VisualStudioVersion = 16.0.31829.152
MinimumVisualStudioVersion = 10.0.40219.1
Project("{2150E333-8FDC-42A3-9474-1A3956D46DE8}") = "Services", "Services", "{69F1EAA7-29CA-4289-9EF3-5B9DC514A9DF}"
EndProject
Project("{2150E333-8FDC-42A3-9474-1A3956D46DE8}") = "Catalog", "Catalog", "{A359173C-8B20-46A5-8FA1-DB83EA7469B2}"
EndProject
Project("{9A19103F-16F7-4668-BE54-9A1E7A4F7556}") = "Catalog.API", "Services\Catalog\Catalog.API\Catalog.API.csproj", "{32AE29AA-091E-436A-82CD-0866D5A93C97}"
EndProject
Project("{E53339B2-1760-4266-BCC7-CA923CBCF16C}") = "docker-compose", "docker-compose.dcproj", "{6A44FF83-18E7-4DE4-B421-5ECE9D30AA5C}"
EndProject
Project("{2150E333-8FDC-42A3-9474-1A3956D46DE8}") = "Basket", "Basket", "{FE631D3E-D876-41E1-B1FB-942B4770D335}"
EndProject
Project("{9A19103F-16F7-4668-BE54-9A1E7A4F7556}") = "Basket.API", "Services\Basket\Basket.API\Basket.API.csproj", "{6F3F04E6-07FE-4A4D-A611-97709B5EF485}"
EndProject
Project("{2150E333-8FDC-42A3-9474-1A3956D46DE8}") = "Discount", "Discount", "{FAA819D0-7D3E-412B-BCA7-C09857CC45DC}"
EndProject
Project("{9A19103F-16F7-4668-BE54-9A1E7A4F7556}") = "Discount.API", "Services\Discount\Discount.API\Discount.API.csproj", "{A1DBAD93-598C-43FF-9128-030B44F94F94}"
EndProject
Project("{9A19103F-16F7-4668-BE54-9A1E7A4F7556}") = "Discount.Grpc", "Services\Discount\Discount.Grpc\Discount.Grpc.csproj", "{149D51F7-B2A1-4EBF-971A-8351156B70E6}"
EndProject
Project("{2150E333-8FDC-42A3-9474-1A3956D46DE8}") = "Ordering", "Ordering", "{0AA920D9-F458-4B08-BD53-47E6B7102AEF}"
EndProject
Project("{FAE04EC0-301F-11D3-BF4B-00C04F79EFBC}") = "Ordering.API", "Services\Ordering\Ordering.API\Ordering.API.csproj", "{3DBE9855-F3D7-4F68-A7F2-2263A28304D2}"
EndProject
Project("{FAE04EC0-301F-11D3-BF4B-00C04F79EFBC}") = "Ordering.Domain", "Services\Ordering\Ordering.Domain\Ordering.Domain.csproj", "{11F5668A-E1C6-4BB1-B158-DAF603082EA9}"
EndProject
Project("{FAE04EC0-301F-11D3-BF4B-00C04F79EFBC}") = "Ordering.Application", "Services\Ordering\Ordering.Application\Ordering.Application.csproj", "{07865B05-776B-4A89-B264-99ADABF8ADD6}"
EndProject
Project("{FAE04EC0-301F-11D3-BF4B-00C04F79EFBC}") = "Ordering.Infrastructure", "Services\Ordering\Ordering.Infrastructure\Ordering.Infrastructure.csproj", "{3C74023A-4714-43AE-9464-725F8BC684BC}"
EndProject
Global
	GlobalSection(SolutionConfigurationPlatforms) = preSolution
		Debug|Any CPU = Debug|Any CPU
		Release|Any CPU = Release|Any CPU
	EndGlobalSection
	GlobalSection(ProjectConfigurationPlatforms) = postSolution
		{32AE29AA-091E-436A-82CD-0866D5A93C97}.Debug|Any CPU.ActiveCfg = Debug|Any CPU
		{32AE29AA-091E-436A-82CD-0866D5A93C97}.Debug|Any CPU.Build.0 = Debug|Any CPU
		{32AE29AA-091E-436A-82CD-0866D5A93C97}.Release|Any CPU.ActiveCfg = Release|Any CPU
		{32AE29AA-091E-436A-82CD-0866D5A93C97}.Release|Any CPU.Build.0 = Release|Any CPU
		{6A44FF83-18E7-4DE4-B421-5ECE9D30AA5C}.Debug|Any CPU.ActiveCfg = Debug|Any CPU
		{6A44FF83-18E7-4DE4-B421-5ECE9D30AA5C}.Debug|Any CPU.Build.0 = Debug|Any CPU
		{6A44FF83-18E7-4DE4-B421-5ECE9D30AA5C}.Release|Any CPU.ActiveCfg = Release|Any CPU
		{6A44FF83-18E7-4DE4-B421-5ECE9D30AA5C}.Release|Any CPU.Build.0 = Release|Any CPU
		{6F3F04E6-07FE-4A4D-A611-97709B5EF485}.Debug|Any CPU.ActiveCfg = Debug|Any CPU
		{6F3F04E6-07FE-4A4D-A611-97709B5EF485}.Debug|Any CPU.Build.0 = Debug|Any CPU
		{6F3F04E6-07FE-4A4D-A611-97709B5EF485}.Release|Any CPU.ActiveCfg = Release|Any CPU
		{6F3F04E6-07FE-4A4D-A611-97709B5EF485}.Release|Any CPU.Build.0 = Release|Any CPU
		{A1DBAD93-598C-43FF-9128-030B44F94F94}.Debug|Any CPU.ActiveCfg = Debug|Any CPU
		{A1DBAD93-598C-43FF-9128-030B44F94F94}.Debug|Any CPU.Build.0 = Debug|Any CPU
		{A1DBAD93-598C-43FF-9128-030B44F94F94}.Release|Any CPU.ActiveCfg = Release|Any CPU
		{A1DBAD93-598C-43FF-9128-030B44F94F94}.Release|Any CPU.Build.0 = Release|Any CPU
		{149D51F7-B2A1-4EBF-971A-8351156B70E6}.Debug|Any CPU.ActiveCfg = Debug|Any CPU
		{149D51F7-B2A1-4EBF-971A-8351156B70E6}.Debug|Any CPU.Build.0 = Debug|Any CPU
		{149D51F7-B2A1-4EBF-971A-8351156B70E6}.Release|Any CPU.ActiveCfg = Release|Any CPU
		{149D51F7-B2A1-4EBF-971A-8351156B70E6}.Release|Any CPU.Build.0 = Release|Any CPU
		{3DBE9855-F3D7-4F68-A7F2-2263A28304D2}.Debug|Any CPU.ActiveCfg = Debug|Any CPU
		{3DBE9855-F3D7-4F68-A7F2-2263A28304D2}.Debug|Any CPU.Build.0 = Debug|Any CPU
		{3DBE9855-F3D7-4F68-A7F2-2263A28304D2}.Release|Any CPU.ActiveCfg = Release|Any CPU
		{3DBE9855-F3D7-4F68-A7F2-2263A28304D2}.Release|Any CPU.Build.0 = Release|Any CPU
		{11F5668A-E1C6-4BB1-B158-DAF603082EA9}.Debug|Any CPU.ActiveCfg = Debug|Any CPU
		{11F5668A-E1C6-4BB1-B158-DAF603082EA9}.Debug|Any CPU.Build.0 = Debug|Any CPU
		{11F5668A-E1C6-4BB1-B158-DAF603082EA9}.Release|Any CPU.ActiveCfg = Release|Any CPU
		{11F5668A-E1C6-4BB1-B158-DAF603082EA9}.Release|Any CPU.Build.0 = Release|Any CPU
		{07865B05-776B-4A89-B264-99ADABF8ADD6}.Debug|Any CPU.ActiveCfg = Debug|Any CPU
		{07865B05-776B-4A89-B264-99ADABF8ADD6}.Debug|Any CPU.Build.0 = Debug|Any CPU
		{07865B05-776B-4A89-B264-99ADABF8ADD6}.Release|Any CPU.ActiveCfg = Release|Any CPU
		{07865B05-776B-4A89-B264-99ADABF8ADD6}.Release|Any CPU.Build.0 = Release|Any CPU
		{3C74023A-4714-43AE-9464-725F8BC684BC}.Debug|Any CPU.ActiveCfg = Debug|Any CPU
		{3C74023A-4714-43AE-9464-725F8BC684BC}.Debug|Any CPU.Build.0 = Debug|Any CPU
		{3C74023A-4714-43AE-9464-725F8BC684BC}.Release|Any CPU.ActiveCfg = Release|Any CPU
		{3C74023A-4714-43AE-9464-725F8BC684BC}.Release|Any CPU.Build.0 = Release|Any CPU
	EndGlobalSection
	GlobalSection(SolutionProperties) = preSolution
		HideSolutionNode = FALSE
	EndGlobalSection
	GlobalSection(NestedProjects) = preSolution
		{A359173C-8B20-46A5-8FA1-DB83EA7469B2} = {69F1EAA7-29CA-4289-9EF3-5B9DC514A9DF}
		{32AE29AA-091E-436A-82CD-0866D5A93C97} = {A359173C-8B20-46A5-8FA1-DB83EA7469B2}
		{FE631D3E-D876-41E1-B1FB-942B4770D335} = {69F1EAA7-29CA-4289-9EF3-5B9DC514A9DF}
		{6F3F04E6-07FE-4A4D-A611-97709B5EF485} = {FE631D3E-D876-41E1-B1FB-942B4770D335}
		{FAA819D0-7D3E-412B-BCA7-C09857CC45DC} = {69F1EAA7-29CA-4289-9EF3-5B9DC514A9DF}
		{A1DBAD93-598C-43FF-9128-030B44F94F94} = {FAA819D0-7D3E-412B-BCA7-C09857CC45DC}
		{149D51F7-B2A1-4EBF-971A-8351156B70E6} = {FAA819D0-7D3E-412B-BCA7-C09857CC45DC}
		{0AA920D9-F458-4B08-BD53-47E6B7102AEF} = {69F1EAA7-29CA-4289-9EF3-5B9DC514A9DF}
		{3DBE9855-F3D7-4F68-A7F2-2263A28304D2} = {0AA920D9-F458-4B08-BD53-47E6B7102AEF}
		{11F5668A-E1C6-4BB1-B158-DAF603082EA9} = {0AA920D9-F458-4B08-BD53-47E6B7102AEF}
		{07865B05-776B-4A89-B264-99ADABF8ADD6} = {0AA920D9-F458-4B08-BD53-47E6B7102AEF}
		{3C74023A-4714-43AE-9464-725F8BC684BC} = {0AA920D9-F458-4B08-BD53-47E6B7102AEF}
	EndGlobalSection
	GlobalSection(ExtensibilityGlobals) = postSolution
		SolutionGuid = {0A0C2217-EE68-4B82-8718-A5DB574543E7}
	EndGlobalSection
EndGlobal
