
Microsoft Visual Studio Solution File, Format Version 12.00
# Visual Studio Version 16
VisualStudioVersion = 16.0.31829.152
MinimumVisualStudioVersion = 10.0.40219.1
Project("{2150E333-8FDC-42A3-9474-1A3956D46DE8}") = "Services", "Services", "{69F1EAA7-29CA-4289-9EF3-5B9DC514A9DF}"
EndProject
Project("{2150E333-8FDC-42A3-9474-1A3956D46DE8}") = "Catalog", "Catalog", "{A359173C-8B20-46A5-8FA1-DB83EA7469B2}"
EndProject
Project("{9A19103F-16F7-4668-BE54-9A1E7A4F7556}") = "Catalog.API", "Services\Catalog\Catalog.API\Catalog.API.csproj", "{32AE29AA-091E-436A-82CD-0866D5A93C97}"
EndProject
Project("{E53339B2-1760-4266-BCC7-CA923CBCF16C}") = "docker-compose", "docker-compose.dcproj", "{6A44FF83-18E7-4DE4-B421-5ECE9D30AA5C}"
EndProject
Project("{2150E333-8FDC-42A3-9474-1A3956D46DE8}") = "Basket", "Basket", "{FE631D3E-D876-41E1-B1FB-942B4770D335}"
EndProject
Project("{FAE04EC0-301F-11D3-BF4B-00C04F79EFBC}") = "Basket.API", "Services\Basket\Basket.API\Basket.API.csproj", "{6F3F04E6-07FE-4A4D-A611-97709B5EF485}"
EndProject
Global
	GlobalSection(SolutionConfigurationPlatforms) = preSolution
		Debug|Any CPU = Debug|Any CPU
		Release|Any CPU = Release|Any CPU
	EndGlobalSection
	GlobalSection(ProjectConfigurationPlatforms) = postSolution
		{32AE29AA-091E-436A-82CD-0866D5A93C97}.Debug|Any CPU.ActiveCfg = Debug|Any CPU
		{32AE29AA-091E-436A-82CD-0866D5A93C97}.Debug|Any CPU.Build.0 = Debug|Any CPU
		{32AE29AA-091E-436A-82CD-0866D5A93C97}.Release|Any CPU.ActiveCfg = Release|Any CPU
		{32AE29AA-091E-436A-82CD-0866D5A93C97}.Release|Any CPU.Build.0 = Release|Any CPU
		{6A44FF83-18E7-4DE4-B421-5ECE9D30AA5C}.Debug|Any CPU.ActiveCfg = Debug|Any CPU
		{6A44FF83-18E7-4DE4-B421-5ECE9D30AA5C}.Debug|Any CPU.Build.0 = Debug|Any CPU
		{6A44FF83-18E7-4DE4-B421-5ECE9D30AA5C}.Release|Any CPU.ActiveCfg = Release|Any CPU
		{6A44FF83-18E7-4DE4-B421-5ECE9D30AA5C}.Release|Any CPU.Build.0 = Release|Any CPU
		{6F3F04E6-07FE-4A4D-A611-97709B5EF485}.Debug|Any CPU.ActiveCfg = Debug|Any CPU
		{6F3F04E6-07FE-4A4D-A611-97709B5EF485}.Debug|Any CPU.Build.0 = Debug|Any CPU
		{6F3F04E6-07FE-4A4D-A611-97709B5EF485}.Release|Any CPU.ActiveCfg = Release|Any CPU
		{6F3F04E6-07FE-4A4D-A611-97709B5EF485}.Release|Any CPU.Build.0 = Release|Any CPU
	EndGlobalSection
	GlobalSection(SolutionProperties) = preSolution
		HideSolutionNode = FALSE
	EndGlobalSection
	GlobalSection(NestedProjects) = preSolution
		{A359173C-8B20-46A5-8FA1-DB83EA7469B2} = {69F1EAA7-29CA-4289-9EF3-5B9DC514A9DF}
		{32AE29AA-091E-436A-82CD-0866D5A93C97} = {A359173C-8B20-46A5-8FA1-DB83EA7469B2}
		{FE631D3E-D876-41E1-B1FB-942B4770D335} = {69F1EAA7-29CA-4289-9EF3-5B9DC514A9DF}
		{6F3F04E6-07FE-4A4D-A611-97709B5EF485} = {FE631D3E-D876-41E1-B1FB-942B4770D335}
	EndGlobalSection
	GlobalSection(ExtensibilityGlobals) = postSolution
		SolutionGuid = {0A0C2217-EE68-4B82-8718-A5DB574543E7}
	EndGlobalSection
EndGlobal
